// !$*UTF8*$!
{
	archiveVersion = 1;
	classes = {
	};
	objectVersion = 46;
	objects = {

/* Begin PBXBuildFile section */
		810D9ACD13B7526A000D984B /* BLBTransformer.m in Sources */ = {isa = PBXBuildFile; fileRef = 810D9ACB13B75269000D984B /* BLBTransformer.m */; };
		812E8F9613B3DB7E0086D28D /* Cocoa.framework in Frameworks */ = {isa = PBXBuildFile; fileRef = 812E8F9513B3DB7E0086D28D /* Cocoa.framework */; };
		812E8FA013B3DB7E0086D28D /* InfoPlist.strings in Resources */ = {isa = PBXBuildFile; fileRef = 812E8F9E13B3DB7E0086D28D /* InfoPlist.strings */; };
		812E8FA313B3DB7E0086D28D /* main.m in Sources */ = {isa = PBXBuildFile; fileRef = 812E8FA213B3DB7E0086D28D /* main.m */; };
		812E8FA613B3DB7E0086D28D /* Credits.rtf in Resources */ = {isa = PBXBuildFile; fileRef = 812E8FA413B3DB7E0086D28D /* Credits.rtf */; };
		812E8FA913B3DB7E0086D28D /* BLUsageAppDelegate.m in Sources */ = {isa = PBXBuildFile; fileRef = 812E8FA813B3DB7E0086D28D /* BLUsageAppDelegate.m */; };
		812E8FAC13B3DB7E0086D28D /* MainMenu.xib in Resources */ = {isa = PBXBuildFile; fileRef = 812E8FAA13B3DB7E0086D28D /* MainMenu.xib */; };
		812E8FBE13B3EABF0086D28D /* BLUsage.m in Sources */ = {isa = PBXBuildFile; fileRef = 812E8FBD13B3EABF0086D28D /* BLUsage.m */; };
		812E8FC213B3EB2B0086D28D /* BLUsageController.m in Sources */ = {isa = PBXBuildFile; fileRef = 812E8FC113B3EB2B0086D28D /* BLUsageController.m */; };
		813173D413B5D36600448838 /* BLDetailUsage.m in Sources */ = {isa = PBXBuildFile; fileRef = 813173D213B5D36600448838 /* BLDetailUsage.m */; };
		8181C6AE13B622060006C26F /* BLDailyUsage.m in Sources */ = {isa = PBXBuildFile; fileRef = 8181C6AC13B622060006C26F /* BLDailyUsage.m */; };
		81CDF04313B7B0E800CCA173 /* Growl Registration Ticket.growlRegDict in Resources */ = {isa = PBXBuildFile; fileRef = 81CDF03E13B7B07400CCA173 /* Growl Registration Ticket.growlRegDict */; };
		81CDF05213B7B4D700CCA173 /* Growl.framework in Frameworks */ = {isa = PBXBuildFile; fileRef = 81CDF05113B7B4D700CCA173 /* Growl.framework */; };
		81CDF05313B7B4F500CCA173 /* Growl.framework in CopyFiles */ = {isa = PBXBuildFile; fileRef = 81CDF05113B7B4D700CCA173 /* Growl.framework */; };
		81CDF06113B7B5E500CCA173 /* GTMStringEncoding.m in Sources */ = {isa = PBXBuildFile; fileRef = 81CDF05E13B7B5E500CCA173 /* GTMStringEncoding.m */; };
		81FF446313B4D30100286B4F /* blusage.icns in Resources */ = {isa = PBXBuildFile; fileRef = 81FF446213B4D30100286B4F /* blusage.icns */; };
/* End PBXBuildFile section */

/* Begin PBXCopyFilesBuildPhase section */
		81CDF04613B7B20C00CCA173 /* CopyFiles */ = {
			isa = PBXCopyFilesBuildPhase;
			buildActionMask = 2147483647;
			dstPath = "";
			dstSubfolderSpec = 10;
			files = (
				81CDF05313B7B4F500CCA173 /* Growl.framework in CopyFiles */,
			);
			runOnlyForDeploymentPostprocessing = 0;
		};
/* End PBXCopyFilesBuildPhase section */

/* Begin PBXFileReference section */
		810D9ACA13B75269000D984B /* BLBTransformer.h */ = {isa = PBXFileReference; fileEncoding = 4; lastKnownFileType = sourcecode.objj.h; path = BLBTransformer.h; sourceTree = "<group>"; };
		810D9ACB13B75269000D984B /* BLBTransformer.m */ = {isa = PBXFileReference; fileEncoding = 4; lastKnownFileType = sourcecode.c.objc; path = BLBTransformer.m; sourceTree = "<group>"; };
		812E8F9113B3DB7E0086D28D /* BLUsage.app */ = {isa = PBXFileReference; explicitFileType = wrapper.application; includeInIndex = 0; path = BLUsage.app; sourceTree = BUILT_PRODUCTS_DIR; };
		812E8F9513B3DB7E0086D28D /* Cocoa.framework */ = {isa = PBXFileReference; lastKnownFileType = wrapper.framework; name = Cocoa.framework; path = System/Library/Frameworks/Cocoa.framework; sourceTree = SDKROOT; };
		812E8F9813B3DB7E0086D28D /* AppKit.framework */ = {isa = PBXFileReference; lastKnownFileType = wrapper.framework; name = AppKit.framework; path = System/Library/Frameworks/AppKit.framework; sourceTree = SDKROOT; };
		812E8F9913B3DB7E0086D28D /* CoreData.framework */ = {isa = PBXFileReference; lastKnownFileType = wrapper.framework; name = CoreData.framework; path = System/Library/Frameworks/CoreData.framework; sourceTree = SDKROOT; };
		812E8F9A13B3DB7E0086D28D /* Foundation.framework */ = {isa = PBXFileReference; lastKnownFileType = wrapper.framework; name = Foundation.framework; path = System/Library/Frameworks/Foundation.framework; sourceTree = SDKROOT; };
		812E8F9D13B3DB7E0086D28D /* BLUsage-Info.plist */ = {isa = PBXFileReference; lastKnownFileType = text.plist.xml; path = "BLUsage-Info.plist"; sourceTree = "<group>"; };
		812E8F9F13B3DB7E0086D28D /* en */ = {isa = PBXFileReference; lastKnownFileType = text.plist.strings; name = en; path = en.lproj/InfoPlist.strings; sourceTree = "<group>"; };
		812E8FA113B3DB7E0086D28D /* BLUsage-Prefix.pch */ = {isa = PBXFileReference; lastKnownFileType = sourcecode.c.h; path = "BLUsage-Prefix.pch"; sourceTree = "<group>"; };
		812E8FA213B3DB7E0086D28D /* main.m */ = {isa = PBXFileReference; lastKnownFileType = sourcecode.c.objc; path = main.m; sourceTree = "<group>"; };
		812E8FA513B3DB7E0086D28D /* en */ = {isa = PBXFileReference; lastKnownFileType = text.rtf; name = en; path = en.lproj/Credits.rtf; sourceTree = "<group>"; };
		812E8FA713B3DB7E0086D28D /* BLUsageAppDelegate.h */ = {isa = PBXFileReference; lastKnownFileType = sourcecode.c.h; path = BLUsageAppDelegate.h; sourceTree = "<group>"; };
		812E8FA813B3DB7E0086D28D /* BLUsageAppDelegate.m */ = {isa = PBXFileReference; lastKnownFileType = sourcecode.c.objc; path = BLUsageAppDelegate.m; sourceTree = "<group>"; };
		812E8FAB13B3DB7E0086D28D /* en */ = {isa = PBXFileReference; lastKnownFileType = file.xib; name = en; path = en.lproj/MainMenu.xib; sourceTree = "<group>"; };
		812E8FBC13B3EABF0086D28D /* BLUsage.h */ = {isa = PBXFileReference; fileEncoding = 4; lastKnownFileType = sourcecode.c.h; path = BLUsage.h; sourceTree = "<group>"; };
		812E8FBD13B3EABF0086D28D /* BLUsage.m */ = {isa = PBXFileReference; fileEncoding = 4; lastKnownFileType = sourcecode.c.objc; path = BLUsage.m; sourceTree = "<group>"; };
		812E8FC013B3EB2B0086D28D /* BLUsageController.h */ = {isa = PBXFileReference; fileEncoding = 4; lastKnownFileType = sourcecode.c.h; path = BLUsageController.h; sourceTree = "<group>"; };
		812E8FC113B3EB2B0086D28D /* BLUsageController.m */ = {isa = PBXFileReference; fileEncoding = 4; lastKnownFileType = sourcecode.c.objc; path = BLUsageController.m; sourceTree = "<group>"; };
		813173D113B5D36600448838 /* BLDetailUsage.h */ = {isa = PBXFileReference; fileEncoding = 4; lastKnownFileType = sourcecode.c.h; path = BLDetailUsage.h; sourceTree = "<group>"; };
		813173D213B5D36600448838 /* BLDetailUsage.m */ = {isa = PBXFileReference; fileEncoding = 4; lastKnownFileType = sourcecode.c.objc; path = BLDetailUsage.m; sourceTree = "<group>"; };
		8181C6AB13B622060006C26F /* BLDailyUsage.h */ = {isa = PBXFileReference; fileEncoding = 4; lastKnownFileType = sourcecode.objj.h; path = BLDailyUsage.h; sourceTree = "<group>"; };
		8181C6AC13B622060006C26F /* BLDailyUsage.m */ = {isa = PBXFileReference; fileEncoding = 4; lastKnownFileType = sourcecode.c.objc; path = BLDailyUsage.m; sourceTree = "<group>"; };
		81CDF03E13B7B07400CCA173 /* Growl Registration Ticket.growlRegDict */ = {isa = PBXFileReference; fileEncoding = 4; lastKnownFileType = text.xml; path = "Growl Registration Ticket.growlRegDict"; sourceTree = SOURCE_ROOT; };
		81CDF05113B7B4D700CCA173 /* Growl.framework */ = {isa = PBXFileReference; lastKnownFileType = wrapper.framework; name = Growl.framework; path = ../Growl.framework; sourceTree = "<group>"; };
		81CDF05413B7B5D900CCA173 /* Growl.h */ = {isa = PBXFileReference; fileEncoding = 4; lastKnownFileType = sourcecode.objj.h; name = Growl.h; path = Growl/Growl.h; sourceTree = SOURCE_ROOT; };
		81CDF05513B7B5D900CCA173 /* GrowlApplicationBridge-Carbon.h */ = {isa = PBXFileReference; fileEncoding = 4; lastKnownFileType = sourcecode.objj.h; name = "GrowlApplicationBridge-Carbon.h"; path = "Growl/GrowlApplicationBridge-Carbon.h"; sourceTree = SOURCE_ROOT; };
		81CDF05613B7B5D900CCA173 /* GrowlApplicationBridge.h */ = {isa = PBXFileReference; fileEncoding = 4; lastKnownFileType = sourcecode.objj.h; name = GrowlApplicationBridge.h; path = Growl/GrowlApplicationBridge.h; sourceTree = SOURCE_ROOT; };
		81CDF05713B7B5D900CCA173 /* GrowlDefines.h */ = {isa = PBXFileReference; fileEncoding = 4; lastKnownFileType = sourcecode.objj.h; name = GrowlDefines.h; path = Growl/GrowlDefines.h; sourceTree = SOURCE_ROOT; };
		81CDF05C13B7B5E500CCA173 /* GTMDefines.h */ = {isa = PBXFileReference; fileEncoding = 4; lastKnownFileType = sourcecode.objj.h; name = GTMDefines.h; path = GTM/GTMDefines.h; sourceTree = "<group>"; };
		81CDF05D13B7B5E500CCA173 /* GTMStringEncoding.h */ = {isa = PBXFileReference; fileEncoding = 4; lastKnownFileType = sourcecode.objj.h; name = GTMStringEncoding.h; path = GTM/GTMStringEncoding.h; sourceTree = "<group>"; };
		81CDF05E13B7B5E500CCA173 /* GTMStringEncoding.m */ = {isa = PBXFileReference; fileEncoding = 4; lastKnownFileType = sourcecode.c.objc; name = GTMStringEncoding.m; path = GTM/GTMStringEncoding.m; sourceTree = "<group>"; };
		81FF446213B4D30100286B4F /* blusage.icns */ = {isa = PBXFileReference; lastKnownFileType = image.icns; path = blusage.icns; sourceTree = "<group>"; };
/* End PBXFileReference section */

/* Begin PBXFrameworksBuildPhase section */
		812E8F8E13B3DB7E0086D28D /* Frameworks */ = {
			isa = PBXFrameworksBuildPhase;
			buildActionMask = 2147483647;
			files = (
				81CDF05213B7B4D700CCA173 /* Growl.framework in Frameworks */,
				812E8F9613B3DB7E0086D28D /* Cocoa.framework in Frameworks */,
			);
			runOnlyForDeploymentPostprocessing = 0;
		};
/* End PBXFrameworksBuildPhase section */

/* Begin PBXGroup section */
		812E8F8613B3DB7E0086D28D = {
			isa = PBXGroup;
			children = (
				81CDF04813B7B2C800CCA173 /* Growl */,
				812E8FFA13B41CBA0086D28D /* GTM */,
				812E8F9B13B3DB7E0086D28D /* BLUsage */,
				812E8F9413B3DB7E0086D28D /* Frameworks */,
				812E8F9213B3DB7E0086D28D /* Products */,
			);
			sourceTree = "<group>";
		};
		812E8F9213B3DB7E0086D28D /* Products */ = {
			isa = PBXGroup;
			children = (
				812E8F9113B3DB7E0086D28D /* BLUsage.app */,
			);
			name = Products;
			sourceTree = "<group>";
		};
		812E8F9413B3DB7E0086D28D /* Frameworks */ = {
			isa = PBXGroup;
			children = (
				81CDF05113B7B4D700CCA173 /* Growl.framework */,
				812E8F9513B3DB7E0086D28D /* Cocoa.framework */,
				812E8F9713B3DB7E0086D28D /* Other Frameworks */,
			);
			name = Frameworks;
			sourceTree = "<group>";
		};
		812E8F9713B3DB7E0086D28D /* Other Frameworks */ = {
			isa = PBXGroup;
			children = (
				812E8F9813B3DB7E0086D28D /* AppKit.framework */,
				812E8F9913B3DB7E0086D28D /* CoreData.framework */,
				812E8F9A13B3DB7E0086D28D /* Foundation.framework */,
			);
			name = "Other Frameworks";
			sourceTree = "<group>";
		};
		812E8F9B13B3DB7E0086D28D /* BLUsage */ = {
			isa = PBXGroup;
			children = (
				812E8FBC13B3EABF0086D28D /* BLUsage.h */,
				812E8FBD13B3EABF0086D28D /* BLUsage.m */,
				813173D113B5D36600448838 /* BLDetailUsage.h */,
				813173D213B5D36600448838 /* BLDetailUsage.m */,
				8181C6AB13B622060006C26F /* BLDailyUsage.h */,
				8181C6AC13B622060006C26F /* BLDailyUsage.m */,
				812E8FC013B3EB2B0086D28D /* BLUsageController.h */,
				812E8FC113B3EB2B0086D28D /* BLUsageController.m */,
				812E8FA713B3DB7E0086D28D /* BLUsageAppDelegate.h */,
				812E8FA813B3DB7E0086D28D /* BLUsageAppDelegate.m */,
				810D9ACA13B75269000D984B /* BLBTransformer.h */,
				810D9ACB13B75269000D984B /* BLBTransformer.m */,
				812E8FAA13B3DB7E0086D28D /* MainMenu.xib */,
				812E8F9C13B3DB7E0086D28D /* Supporting Files */,
			);
			path = BLUsage;
			sourceTree = "<group>";
		};
		812E8F9C13B3DB7E0086D28D /* Supporting Files */ = {
			isa = PBXGroup;
			children = (
				81CDF03E13B7B07400CCA173 /* Growl Registration Ticket.growlRegDict */,
				81FF446213B4D30100286B4F /* blusage.icns */,
				812E8F9D13B3DB7E0086D28D /* BLUsage-Info.plist */,
				812E8F9E13B3DB7E0086D28D /* InfoPlist.strings */,
				812E8FA113B3DB7E0086D28D /* BLUsage-Prefix.pch */,
				812E8FA213B3DB7E0086D28D /* main.m */,
				812E8FA413B3DB7E0086D28D /* Credits.rtf */,
			);
			name = "Supporting Files";
			sourceTree = "<group>";
		};
		812E8FFA13B41CBA0086D28D /* GTM */ = {
			isa = PBXGroup;
			children = (
				81CDF05C13B7B5E500CCA173 /* GTMDefines.h */,
				81CDF05D13B7B5E500CCA173 /* GTMStringEncoding.h */,
				81CDF05E13B7B5E500CCA173 /* GTMStringEncoding.m */,
			);
			name = GTM;
			sourceTree = "<group>";
		};
		81CDF04813B7B2C800CCA173 /* Growl */ = {
			isa = PBXGroup;
			children = (
				81CDF05413B7B5D900CCA173 /* Growl.h */,
				81CDF05513B7B5D900CCA173 /* GrowlApplicationBridge-Carbon.h */,
				81CDF05613B7B5D900CCA173 /* GrowlApplicationBridge.h */,
				81CDF05713B7B5D900CCA173 /* GrowlDefines.h */,
			);
			name = Growl;
			path = Headers;
			sourceTree = "<group>";
		};
/* End PBXGroup section */

/* Begin PBXNativeTarget section */
		812E8F9013B3DB7E0086D28D /* BLUsage */ = {
			isa = PBXNativeTarget;
			buildConfigurationList = 812E8FAF13B3DB7E0086D28D /* Build configuration list for PBXNativeTarget "BLUsage" */;
			buildPhases = (
				812E8F8D13B3DB7E0086D28D /* Sources */,
				812E8F8E13B3DB7E0086D28D /* Frameworks */,
				812E8F8F13B3DB7E0086D28D /* Resources */,
				81CDF04613B7B20C00CCA173 /* CopyFiles */,
			);
			buildRules = (
			);
			dependencies = (
			);
			name = BLUsage;
			productName = BLUsage;
			productReference = 812E8F9113B3DB7E0086D28D /* BLUsage.app */;
			productType = "com.apple.product-type.application";
		};
/* End PBXNativeTarget section */

/* Begin PBXProject section */
		812E8F8813B3DB7E0086D28D /* Project object */ = {
			isa = PBXProject;
			attributes = {
				ORGANIZATIONNAME = Home;
			};
			buildConfigurationList = 812E8F8B13B3DB7E0086D28D /* Build configuration list for PBXProject "BLUsage" */;
			compatibilityVersion = "Xcode 3.2";
			developmentRegion = English;
			hasScannedForEncodings = 0;
			knownRegions = (
				en,
			);
			mainGroup = 812E8F8613B3DB7E0086D28D;
			productRefGroup = 812E8F9213B3DB7E0086D28D /* Products */;
			projectDirPath = "";
			projectRoot = "";
			targets = (
				812E8F9013B3DB7E0086D28D /* BLUsage */,
			);
		};
/* End PBXProject section */

/* Begin PBXResourcesBuildPhase section */
		812E8F8F13B3DB7E0086D28D /* Resources */ = {
			isa = PBXResourcesBuildPhase;
			buildActionMask = 2147483647;
			files = (
				812E8FA013B3DB7E0086D28D /* InfoPlist.strings in Resources */,
				812E8FA613B3DB7E0086D28D /* Credits.rtf in Resources */,
				812E8FAC13B3DB7E0086D28D /* MainMenu.xib in Resources */,
				81CDF04313B7B0E800CCA173 /* Growl Registration Ticket.growlRegDict in Resources */,
				81FF446313B4D30100286B4F /* blusage.icns in Resources */,
			);
			runOnlyForDeploymentPostprocessing = 0;
		};
/* End PBXResourcesBuildPhase section */

/* Begin PBXSourcesBuildPhase section */
		812E8F8D13B3DB7E0086D28D /* Sources */ = {
			isa = PBXSourcesBuildPhase;
			buildActionMask = 2147483647;
			files = (
				812E8FA313B3DB7E0086D28D /* main.m in Sources */,
				812E8FA913B3DB7E0086D28D /* BLUsageAppDelegate.m in Sources */,
				812E8FBE13B3EABF0086D28D /* BLUsage.m in Sources */,
				812E8FC213B3EB2B0086D28D /* BLUsageController.m in Sources */,
				813173D413B5D36600448838 /* BLDetailUsage.m in Sources */,
				8181C6AE13B622060006C26F /* BLDailyUsage.m in Sources */,
				810D9ACD13B7526A000D984B /* BLBTransformer.m in Sources */,
				81CDF06113B7B5E500CCA173 /* GTMStringEncoding.m in Sources */,
			);
			runOnlyForDeploymentPostprocessing = 0;
		};
/* End PBXSourcesBuildPhase section */

/* Begin PBXVariantGroup section */
		812E8F9E13B3DB7E0086D28D /* InfoPlist.strings */ = {
			isa = PBXVariantGroup;
			children = (
				812E8F9F13B3DB7E0086D28D /* en */,
			);
			name = InfoPlist.strings;
			sourceTree = "<group>";
		};
		812E8FA413B3DB7E0086D28D /* Credits.rtf */ = {
			isa = PBXVariantGroup;
			children = (
				812E8FA513B3DB7E0086D28D /* en */,
			);
			name = Credits.rtf;
			sourceTree = "<group>";
		};
		812E8FAA13B3DB7E0086D28D /* MainMenu.xib */ = {
			isa = PBXVariantGroup;
			children = (
				812E8FAB13B3DB7E0086D28D /* en */,
			);
			name = MainMenu.xib;
			sourceTree = "<group>";
		};
/* End PBXVariantGroup section */

/* Begin XCBuildConfiguration section */
		812E8FAD13B3DB7E0086D28D /* Debug */ = {
			isa = XCBuildConfiguration;
			buildSettings = {
				ARCHS = "$(ARCHS_STANDARD_32_64_BIT)";
				GCC_C_LANGUAGE_STANDARD = gnu99;
				GCC_OPTIMIZATION_LEVEL = 0;
				GCC_PREPROCESSOR_DEFINITIONS = DEBUG;
				GCC_SYMBOLS_PRIVATE_EXTERN = NO;
				GCC_VERSION = com.apple.compilers.llvm.clang.1_0;
				GCC_WARN_64_TO_32_BIT_CONVERSION = YES;
				GCC_WARN_ABOUT_RETURN_TYPE = YES;
				GCC_WARN_UNUSED_VARIABLE = YES;
				MACOSX_DEPLOYMENT_TARGET = 10.6;
				ONLY_ACTIVE_ARCH = YES;
				SDKROOT = macosx;
			};
			name = Debug;
		};
		812E8FAE13B3DB7E0086D28D /* Release */ = {
			isa = XCBuildConfiguration;
			buildSettings = {
				ARCHS = "$(ARCHS_STANDARD_32_64_BIT)";
				GCC_C_LANGUAGE_STANDARD = gnu99;
				GCC_VERSION = com.apple.compilers.llvm.clang.1_0;
				GCC_WARN_64_TO_32_BIT_CONVERSION = YES;
				GCC_WARN_ABOUT_RETURN_TYPE = YES;
				GCC_WARN_UNUSED_VARIABLE = YES;
				MACOSX_DEPLOYMENT_TARGET = 10.6;
				SDKROOT = macosx;
			};
			name = Release;
		};
		812E8FB013B3DB7E0086D28D /* Debug */ = {
			isa = XCBuildConfiguration;
			buildSettings = {
				ALWAYS_SEARCH_USER_PATHS = NO;
				COPY_PHASE_STRIP = NO;
				FRAMEWORK_SEARCH_PATHS = (
					"$(inherited)",
					"\"$(SRCROOT)/..\"",
				);
				GCC_DYNAMIC_NO_PIC = NO;
				GCC_ENABLE_OBJC_EXCEPTIONS = YES;
				GCC_PRECOMPILE_PREFIX_HEADER = YES;
				GCC_PREFIX_HEADER = "BLUsage/BLUsage-Prefix.pch";
				INFOPLIST_FILE = "BLUsage/BLUsage-Info.plist";
				PRODUCT_NAME = "$(TARGET_NAME)";
				WRAPPER_EXTENSION = app;
			};
			name = Debug;
		};
		812E8FB113B3DB7E0086D28D /* Release */ = {
			isa = XCBuildConfiguration;
			buildSettings = {
				ALWAYS_SEARCH_USER_PATHS = NO;
				COPY_PHASE_STRIP = YES;
				DEBUG_INFORMATION_FORMAT = "dwarf-with-dsym";
				FRAMEWORK_SEARCH_PATHS = (
					"$(inherited)",
					"\"$(SRCROOT)/..\"",
				);
				GCC_ENABLE_OBJC_EXCEPTIONS = YES;
				GCC_PRECOMPILE_PREFIX_HEADER = YES;
				GCC_PREFIX_HEADER = "BLUsage/BLUsage-Prefix.pch";
				INFOPLIST_FILE = "BLUsage/BLUsage-Info.plist";
				PRODUCT_NAME = "$(TARGET_NAME)";
				WRAPPER_EXTENSION = app;
			};
			name = Release;
		};
/* End XCBuildConfiguration section */

/* Begin XCConfigurationList section */
		812E8F8B13B3DB7E0086D28D /* Build configuration list for PBXProject "BLUsage" */ = {
			isa = XCConfigurationList;
			buildConfigurations = (
				812E8FAD13B3DB7E0086D28D /* Debug */,
				812E8FAE13B3DB7E0086D28D /* Release */,
			);
			defaultConfigurationIsVisible = 0;
			defaultConfigurationName = Release;
		};
		812E8FAF13B3DB7E0086D28D /* Build configuration list for PBXNativeTarget "BLUsage" */ = {
			isa = XCConfigurationList;
			buildConfigurations = (
				812E8FB013B3DB7E0086D28D /* Debug */,
				812E8FB113B3DB7E0086D28D /* Release */,
			);
			defaultConfigurationIsVisible = 0;
			defaultConfigurationName = Release;
		};
/* End XCConfigurationList section */
	};
	rootObject = 812E8F8813B3DB7E0086D28D /* Project object */;
}
